// !$*UTF8*$!
{
	archiveVersion = 1;
	classes = {
	};
	objectVersion = 56;
	objects = {

/* Begin PBXBuildFile section */
		A1A2BA992B50151700AAFECA /* AuthViewModel.swift in Sources */ = {isa = PBXBuildFile; fileRef = A1A2BA982B50151700AAFECA /* AuthViewModel.swift */; };
		A1A2BA9C2B5015C100AAFECA /* FirebaseAnalytics in Frameworks */ = {isa = PBXBuildFile; productRef = A1A2BA9B2B5015C100AAFECA /* FirebaseAnalytics */; };
		A1A2BA9E2B5015C100AAFECA /* FirebaseAnalyticsOnDeviceConversion in Frameworks */ = {isa = PBXBuildFile; productRef = A1A2BA9D2B5015C100AAFECA /* FirebaseAnalyticsOnDeviceConversion */; };
		A1A2BAA02B5015C100AAFECA /* FirebaseAnalyticsSwift in Frameworks */ = {isa = PBXBuildFile; productRef = A1A2BA9F2B5015C100AAFECA /* FirebaseAnalyticsSwift */; };
		A1A2BAA22B5015C100AAFECA /* FirebaseAnalyticsWithoutAdIdSupport in Frameworks */ = {isa = PBXBuildFile; productRef = A1A2BAA12B5015C100AAFECA /* FirebaseAnalyticsWithoutAdIdSupport */; };
		A1A2BAA42B5015C100AAFECA /* FirebaseAppCheck in Frameworks */ = {isa = PBXBuildFile; productRef = A1A2BAA32B5015C100AAFECA /* FirebaseAppCheck */; };
		A1A2BAA62B50161D00AAFECA /* GoogleService-Info.plist in Resources */ = {isa = PBXBuildFile; fileRef = A1A2BAA52B50161D00AAFECA /* GoogleService-Info.plist */; };
		A1A2BAA82B50184900AAFECA /* FirebaseAnalytics in Frameworks */ = {isa = PBXBuildFile; productRef = A1A2BAA72B50184900AAFECA /* FirebaseAnalytics */; };
		A1A2BAAA2B50184900AAFECA /* FirebaseAnalyticsOnDeviceConversion in Frameworks */ = {isa = PBXBuildFile; productRef = A1A2BAA92B50184900AAFECA /* FirebaseAnalyticsOnDeviceConversion */; };
		A1A2BAAC2B50184900AAFECA /* FirebaseAnalyticsSwift in Frameworks */ = {isa = PBXBuildFile; productRef = A1A2BAAB2B50184900AAFECA /* FirebaseAnalyticsSwift */; };
		A1A2BAAE2B50184900AAFECA /* FirebaseAnalyticsWithoutAdIdSupport in Frameworks */ = {isa = PBXBuildFile; productRef = A1A2BAAD2B50184900AAFECA /* FirebaseAnalyticsWithoutAdIdSupport */; };
		A1A2BAB02B50184900AAFECA /* FirebaseAppCheck in Frameworks */ = {isa = PBXBuildFile; productRef = A1A2BAAF2B50184900AAFECA /* FirebaseAppCheck */; };
		A1A2BAB22B50184900AAFECA /* FirebaseAppDistribution-Beta in Frameworks */ = {isa = PBXBuildFile; productRef = A1A2BAB12B50184900AAFECA /* FirebaseAppDistribution-Beta */; };
		A1A2BAB42B50184900AAFECA /* FirebaseAuth in Frameworks */ = {isa = PBXBuildFile; productRef = A1A2BAB32B50184900AAFECA /* FirebaseAuth */; };
		A1A2BAB62B50184900AAFECA /* FirebaseAuthCombine-Community in Frameworks */ = {isa = PBXBuildFile; productRef = A1A2BAB52B50184900AAFECA /* FirebaseAuthCombine-Community */; };
		A1A2BAB82B50184900AAFECA /* FirebaseCrashlytics in Frameworks */ = {isa = PBXBuildFile; productRef = A1A2BAB72B50184900AAFECA /* FirebaseCrashlytics */; };
		A1A2BABA2B50184900AAFECA /* FirebaseDatabase in Frameworks */ = {isa = PBXBuildFile; productRef = A1A2BAB92B50184900AAFECA /* FirebaseDatabase */; };
		A1A2BABC2B50184900AAFECA /* FirebaseDatabaseSwift in Frameworks */ = {isa = PBXBuildFile; productRef = A1A2BABB2B50184900AAFECA /* FirebaseDatabaseSwift */; };
		A1A2BABE2B50184900AAFECA /* FirebaseDynamicLinks in Frameworks */ = {isa = PBXBuildFile; productRef = A1A2BABD2B50184900AAFECA /* FirebaseDynamicLinks */; };
		A1A2BAC02B50184900AAFECA /* FirebaseFirestore in Frameworks */ = {isa = PBXBuildFile; productRef = A1A2BABF2B50184900AAFECA /* FirebaseFirestore */; };
		A1A2BAC22B50184900AAFECA /* FirebaseFirestoreCombine-Community in Frameworks */ = {isa = PBXBuildFile; productRef = A1A2BAC12B50184900AAFECA /* FirebaseFirestoreCombine-Community */; };
		A1A2BAC42B50184900AAFECA /* FirebaseFirestoreSwift in Frameworks */ = {isa = PBXBuildFile; productRef = A1A2BAC32B50184900AAFECA /* FirebaseFirestoreSwift */; };
		A1A2BAC62B50184900AAFECA /* FirebaseFunctions in Frameworks */ = {isa = PBXBuildFile; productRef = A1A2BAC52B50184900AAFECA /* FirebaseFunctions */; };
		A1A2BAC82B50184900AAFECA /* FirebaseFunctionsCombine-Community in Frameworks */ = {isa = PBXBuildFile; productRef = A1A2BAC72B50184900AAFECA /* FirebaseFunctionsCombine-Community */; };
		A1A2BACA2B50184900AAFECA /* FirebaseInAppMessaging-Beta in Frameworks */ = {isa = PBXBuildFile; productRef = A1A2BAC92B50184900AAFECA /* FirebaseInAppMessaging-Beta */; };
		A1A2BACC2B50184900AAFECA /* FirebaseInAppMessagingSwift-Beta in Frameworks */ = {isa = PBXBuildFile; productRef = A1A2BACB2B50184900AAFECA /* FirebaseInAppMessagingSwift-Beta */; };
		A1A2BACE2B50184900AAFECA /* FirebaseInstallations in Frameworks */ = {isa = PBXBuildFile; productRef = A1A2BACD2B50184900AAFECA /* FirebaseInstallations */; };
		A1A2BAD02B50184900AAFECA /* FirebaseMLModelDownloader in Frameworks */ = {isa = PBXBuildFile; productRef = A1A2BACF2B50184900AAFECA /* FirebaseMLModelDownloader */; };
		A1A2BAD22B50184900AAFECA /* FirebaseMessaging in Frameworks */ = {isa = PBXBuildFile; productRef = A1A2BAD12B50184900AAFECA /* FirebaseMessaging */; };
		A1A2BAD42B50184900AAFECA /* FirebasePerformance in Frameworks */ = {isa = PBXBuildFile; productRef = A1A2BAD32B50184900AAFECA /* FirebasePerformance */; };
		A1A2BAD62B50184900AAFECA /* FirebaseRemoteConfig in Frameworks */ = {isa = PBXBuildFile; productRef = A1A2BAD52B50184900AAFECA /* FirebaseRemoteConfig */; };
		A1A2BAD82B50184900AAFECA /* FirebaseRemoteConfigSwift in Frameworks */ = {isa = PBXBuildFile; productRef = A1A2BAD72B50184900AAFECA /* FirebaseRemoteConfigSwift */; };
		A1A2BADA2B50184900AAFECA /* FirebaseStorage in Frameworks */ = {isa = PBXBuildFile; productRef = A1A2BAD92B50184900AAFECA /* FirebaseStorage */; };
		A1A2BADC2B50184900AAFECA /* FirebaseStorageCombine-Community in Frameworks */ = {isa = PBXBuildFile; productRef = A1A2BADB2B50184900AAFECA /* FirebaseStorageCombine-Community */; };
		A1A2BADE2B50199400AAFECA /* FirebaseAnalytics in Frameworks */ = {isa = PBXBuildFile; productRef = A1A2BADD2B50199400AAFECA /* FirebaseAnalytics */; };
		A1A2BAE02B50199400AAFECA /* FirebaseAnalyticsOnDeviceConversion in Frameworks */ = {isa = PBXBuildFile; productRef = A1A2BADF2B50199400AAFECA /* FirebaseAnalyticsOnDeviceConversion */; };
		A1A2BAE22B50199400AAFECA /* FirebaseAnalyticsSwift in Frameworks */ = {isa = PBXBuildFile; productRef = A1A2BAE12B50199400AAFECA /* FirebaseAnalyticsSwift */; };
		A1A2BAE42B50199400AAFECA /* FirebaseAnalyticsWithoutAdIdSupport in Frameworks */ = {isa = PBXBuildFile; productRef = A1A2BAE32B50199400AAFECA /* FirebaseAnalyticsWithoutAdIdSupport */; };
		A1A2BAE62B50199400AAFECA /* FirebaseAppCheck in Frameworks */ = {isa = PBXBuildFile; productRef = A1A2BAE52B50199400AAFECA /* FirebaseAppCheck */; };
		A1A2BAE82B50199400AAFECA /* FirebaseAppDistribution-Beta in Frameworks */ = {isa = PBXBuildFile; productRef = A1A2BAE72B50199400AAFECA /* FirebaseAppDistribution-Beta */; };
		A1A2BAEA2B50199400AAFECA /* FirebaseAuth in Frameworks */ = {isa = PBXBuildFile; productRef = A1A2BAE92B50199400AAFECA /* FirebaseAuth */; };
		A1A2BAEC2B50199400AAFECA /* FirebaseAuthCombine-Community in Frameworks */ = {isa = PBXBuildFile; productRef = A1A2BAEB2B50199400AAFECA /* FirebaseAuthCombine-Community */; };
		A1A2BAEE2B50199400AAFECA /* FirebaseCrashlytics in Frameworks */ = {isa = PBXBuildFile; productRef = A1A2BAED2B50199400AAFECA /* FirebaseCrashlytics */; };
		A1A2BAF02B50199400AAFECA /* FirebaseDatabase in Frameworks */ = {isa = PBXBuildFile; productRef = A1A2BAEF2B50199400AAFECA /* FirebaseDatabase */; };
		A1A2BAF22B50199400AAFECA /* FirebaseDatabaseSwift in Frameworks */ = {isa = PBXBuildFile; productRef = A1A2BAF12B50199400AAFECA /* FirebaseDatabaseSwift */; };
		A1A2BAF42B50199400AAFECA /* FirebaseDynamicLinks in Frameworks */ = {isa = PBXBuildFile; productRef = A1A2BAF32B50199400AAFECA /* FirebaseDynamicLinks */; };
		A1A2BAF62B50199400AAFECA /* FirebaseFirestore in Frameworks */ = {isa = PBXBuildFile; productRef = A1A2BAF52B50199400AAFECA /* FirebaseFirestore */; };
		A1A2BAF82B50199400AAFECA /* FirebaseFirestoreCombine-Community in Frameworks */ = {isa = PBXBuildFile; productRef = A1A2BAF72B50199400AAFECA /* FirebaseFirestoreCombine-Community */; };
		A1A2BAFA2B50199400AAFECA /* FirebaseFirestoreSwift in Frameworks */ = {isa = PBXBuildFile; productRef = A1A2BAF92B50199400AAFECA /* FirebaseFirestoreSwift */; };
		A1A2BAFC2B50199400AAFECA /* FirebaseFunctions in Frameworks */ = {isa = PBXBuildFile; productRef = A1A2BAFB2B50199400AAFECA /* FirebaseFunctions */; };
		A1A2BAFE2B50199400AAFECA /* FirebaseFunctionsCombine-Community in Frameworks */ = {isa = PBXBuildFile; productRef = A1A2BAFD2B50199400AAFECA /* FirebaseFunctionsCombine-Community */; };
		A1A2BB002B50199400AAFECA /* FirebaseInAppMessaging-Beta in Frameworks */ = {isa = PBXBuildFile; productRef = A1A2BAFF2B50199400AAFECA /* FirebaseInAppMessaging-Beta */; };
		A1A2BB022B50199400AAFECA /* FirebaseInAppMessagingSwift-Beta in Frameworks */ = {isa = PBXBuildFile; productRef = A1A2BB012B50199400AAFECA /* FirebaseInAppMessagingSwift-Beta */; };
		A1A2BB042B50199400AAFECA /* FirebaseInstallations in Frameworks */ = {isa = PBXBuildFile; productRef = A1A2BB032B50199400AAFECA /* FirebaseInstallations */; };
		A1A2BB062B50199400AAFECA /* FirebaseMLModelDownloader in Frameworks */ = {isa = PBXBuildFile; productRef = A1A2BB052B50199400AAFECA /* FirebaseMLModelDownloader */; };
		A1A2BB082B50199400AAFECA /* FirebaseMessaging in Frameworks */ = {isa = PBXBuildFile; productRef = A1A2BB072B50199400AAFECA /* FirebaseMessaging */; };
		A1A2BB0A2B50199400AAFECA /* FirebasePerformance in Frameworks */ = {isa = PBXBuildFile; productRef = A1A2BB092B50199400AAFECA /* FirebasePerformance */; };
		A1A2BB0C2B50199400AAFECA /* FirebaseRemoteConfig in Frameworks */ = {isa = PBXBuildFile; productRef = A1A2BB0B2B50199400AAFECA /* FirebaseRemoteConfig */; };
		A1A2BB0E2B50199400AAFECA /* FirebaseRemoteConfigSwift in Frameworks */ = {isa = PBXBuildFile; productRef = A1A2BB0D2B50199400AAFECA /* FirebaseRemoteConfigSwift */; };
		A1A2BB102B50199400AAFECA /* FirebaseStorage in Frameworks */ = {isa = PBXBuildFile; productRef = A1A2BB0F2B50199400AAFECA /* FirebaseStorage */; };
		A1A2BB122B50199400AAFECA /* FirebaseStorageCombine-Community in Frameworks */ = {isa = PBXBuildFile; productRef = A1A2BB112B50199400AAFECA /* FirebaseStorageCombine-Community */; };
		A1A2BB142B501B7300AAFECA /* FirebaseAnalytics in Frameworks */ = {isa = PBXBuildFile; productRef = A1A2BB132B501B7300AAFECA /* FirebaseAnalytics */; };
		A1A2BB162B501B7300AAFECA /* FirebaseAnalyticsOnDeviceConversion in Frameworks */ = {isa = PBXBuildFile; productRef = A1A2BB152B501B7300AAFECA /* FirebaseAnalyticsOnDeviceConversion */; };
		A1A2BB182B501B7300AAFECA /* FirebaseAnalyticsSwift in Frameworks */ = {isa = PBXBuildFile; productRef = A1A2BB172B501B7300AAFECA /* FirebaseAnalyticsSwift */; };
		A1A2BB1A2B501B7300AAFECA /* FirebaseAnalyticsWithoutAdIdSupport in Frameworks */ = {isa = PBXBuildFile; productRef = A1A2BB192B501B7300AAFECA /* FirebaseAnalyticsWithoutAdIdSupport */; };
		A1A2BB1C2B501B7300AAFECA /* FirebaseAppCheck in Frameworks */ = {isa = PBXBuildFile; productRef = A1A2BB1B2B501B7300AAFECA /* FirebaseAppCheck */; };
		A1A2BB1E2B501B7300AAFECA /* FirebaseAppDistribution-Beta in Frameworks */ = {isa = PBXBuildFile; productRef = A1A2BB1D2B501B7300AAFECA /* FirebaseAppDistribution-Beta */; };
		A1A2BB202B501B7300AAFECA /* FirebaseAuth in Frameworks */ = {isa = PBXBuildFile; productRef = A1A2BB1F2B501B7300AAFECA /* FirebaseAuth */; };
		A1A2BB222B501B7300AAFECA /* FirebaseAuthCombine-Community in Frameworks */ = {isa = PBXBuildFile; productRef = A1A2BB212B501B7300AAFECA /* FirebaseAuthCombine-Community */; };
		A1A2BB242B501B7300AAFECA /* FirebaseCrashlytics in Frameworks */ = {isa = PBXBuildFile; productRef = A1A2BB232B501B7300AAFECA /* FirebaseCrashlytics */; };
		A1A2BB262B501B7300AAFECA /* FirebaseDatabase in Frameworks */ = {isa = PBXBuildFile; productRef = A1A2BB252B501B7300AAFECA /* FirebaseDatabase */; };
		A1A2BB282B501B7300AAFECA /* FirebaseDatabaseSwift in Frameworks */ = {isa = PBXBuildFile; productRef = A1A2BB272B501B7300AAFECA /* FirebaseDatabaseSwift */; };
		A1A2BB2A2B501B7300AAFECA /* FirebaseDynamicLinks in Frameworks */ = {isa = PBXBuildFile; productRef = A1A2BB292B501B7300AAFECA /* FirebaseDynamicLinks */; };
		A1A2BB2C2B501B7300AAFECA /* FirebaseFirestore in Frameworks */ = {isa = PBXBuildFile; productRef = A1A2BB2B2B501B7300AAFECA /* FirebaseFirestore */; };
		A1A2BB2E2B501B7300AAFECA /* FirebaseFirestoreCombine-Community in Frameworks */ = {isa = PBXBuildFile; productRef = A1A2BB2D2B501B7300AAFECA /* FirebaseFirestoreCombine-Community */; };
		A1A2BB302B501B7300AAFECA /* FirebaseFirestoreSwift in Frameworks */ = {isa = PBXBuildFile; productRef = A1A2BB2F2B501B7300AAFECA /* FirebaseFirestoreSwift */; };
		A1A2BB332B50295800AAFECA /* InputView.swift in Sources */ = {isa = PBXBuildFile; fileRef = A1A2BB322B50295800AAFECA /* InputView.swift */; };
		A1A2BB362B5029C900AAFECA /* RegistrationView.swift in Sources */ = {isa = PBXBuildFile; fileRef = A1A2BB352B5029C900AAFECA /* RegistrationView.swift */; };
		A1A2BB382B502FAB00AAFECA /* AuthBackground.swift in Sources */ = {isa = PBXBuildFile; fileRef = A1A2BB372B502FAB00AAFECA /* AuthBackground.swift */; };
		A1A2BB3A2B53097800AAFECA /* CustomTabBar.swift in Sources */ = {isa = PBXBuildFile; fileRef = A1A2BB392B53097800AAFECA /* CustomTabBar.swift */; };
		A1A2BB3E2B53FE0400AAFECA /* HabitsView.swift in Sources */ = {isa = PBXBuildFile; fileRef = A1A2BB3D2B53FE0400AAFECA /* HabitsView.swift */; };
		A1A2BB412B53FE3D00AAFECA /* AcountView.swift in Sources */ = {isa = PBXBuildFile; fileRef = A1A2BB402B53FE3D00AAFECA /* AcountView.swift */; };
		A1A2BB452B54009000AAFECA /* StatsView.swift in Sources */ = {isa = PBXBuildFile; fileRef = A1A2BB442B54009000AAFECA /* StatsView.swift */; };
		A1A2BB482B5400B700AAFECA /* InspirationView.swift in Sources */ = {isa = PBXBuildFile; fileRef = A1A2BB472B5400B700AAFECA /* InspirationView.swift */; };
		A1A2BB4B2B54034D00AAFECA /* AddHabitsView.swift in Sources */ = {isa = PBXBuildFile; fileRef = A1A2BB4A2B54034D00AAFECA /* AddHabitsView.swift */; };
		A1A2BB4D2B5543EB00AAFECA /* AddHabitsViewModel.swift in Sources */ = {isa = PBXBuildFile; fileRef = A1A2BB4C2B5543EB00AAFECA /* AddHabitsViewModel.swift */; };
		A1A2BB4F2B55441400AAFECA /* Habits.swift in Sources */ = {isa = PBXBuildFile; fileRef = A1A2BB4E2B55441400AAFECA /* Habits.swift */; };
		A1F182FA2B5010BA001CAC04 /* SlowApp.swift in Sources */ = {isa = PBXBuildFile; fileRef = A1F182F92B5010BA001CAC04 /* SlowApp.swift */; };
		A1F182FC2B5010BA001CAC04 /* ContentView.swift in Sources */ = {isa = PBXBuildFile; fileRef = A1F182FB2B5010BA001CAC04 /* ContentView.swift */; };
		A1F182FE2B5010BB001CAC04 /* Assets.xcassets in Resources */ = {isa = PBXBuildFile; fileRef = A1F182FD2B5010BB001CAC04 /* Assets.xcassets */; };
		A1F183022B5010BB001CAC04 /* Preview Assets.xcassets in Resources */ = {isa = PBXBuildFile; fileRef = A1F183012B5010BB001CAC04 /* Preview Assets.xcassets */; };
		A1F1830B2B501122001CAC04 /* LoginView.swift in Sources */ = {isa = PBXBuildFile; fileRef = A1F1830A2B501122001CAC04 /* LoginView.swift */; };
		A1F1830E2B501136001CAC04 /* User.swift in Sources */ = {isa = PBXBuildFile; fileRef = A1F1830D2B501136001CAC04 /* User.swift */; };
/* End PBXBuildFile section */

/* Begin PBXFileReference section */
		A1A2BA982B50151700AAFECA /* AuthViewModel.swift */ = {isa = PBXFileReference; lastKnownFileType = sourcecode.swift; path = AuthViewModel.swift; sourceTree = "<group>"; };
		A1A2BAA52B50161D00AAFECA /* GoogleService-Info.plist */ = {isa = PBXFileReference; fileEncoding = 4; lastKnownFileType = text.plist.xml; path = "GoogleService-Info.plist"; sourceTree = "<group>"; };
		A1A2BB322B50295800AAFECA /* InputView.swift */ = {isa = PBXFileReference; lastKnownFileType = sourcecode.swift; path = InputView.swift; sourceTree = "<group>"; };
		A1A2BB352B5029C900AAFECA /* RegistrationView.swift */ = {isa = PBXFileReference; lastKnownFileType = sourcecode.swift; path = RegistrationView.swift; sourceTree = "<group>"; };
		A1A2BB372B502FAB00AAFECA /* AuthBackground.swift */ = {isa = PBXFileReference; lastKnownFileType = sourcecode.swift; path = AuthBackground.swift; sourceTree = "<group>"; };
		A1A2BB392B53097800AAFECA /* CustomTabBar.swift */ = {isa = PBXFileReference; lastKnownFileType = sourcecode.swift; path = CustomTabBar.swift; sourceTree = "<group>"; };
		A1A2BB3D2B53FE0400AAFECA /* HabitsView.swift */ = {isa = PBXFileReference; lastKnownFileType = sourcecode.swift; path = HabitsView.swift; sourceTree = "<group>"; };
		A1A2BB402B53FE3D00AAFECA /* AcountView.swift */ = {isa = PBXFileReference; lastKnownFileType = sourcecode.swift; path = AcountView.swift; sourceTree = "<group>"; };
		A1A2BB442B54009000AAFECA /* StatsView.swift */ = {isa = PBXFileReference; lastKnownFileType = sourcecode.swift; path = StatsView.swift; sourceTree = "<group>"; };
		A1A2BB472B5400B700AAFECA /* InspirationView.swift */ = {isa = PBXFileReference; lastKnownFileType = sourcecode.swift; path = InspirationView.swift; sourceTree = "<group>"; };
		A1A2BB4A2B54034D00AAFECA /* AddHabitsView.swift */ = {isa = PBXFileReference; lastKnownFileType = sourcecode.swift; path = AddHabitsView.swift; sourceTree = "<group>"; };
		A1A2BB4C2B5543EB00AAFECA /* AddHabitsViewModel.swift */ = {isa = PBXFileReference; lastKnownFileType = sourcecode.swift; path = AddHabitsViewModel.swift; sourceTree = "<group>"; };
		A1A2BB4E2B55441400AAFECA /* Habits.swift */ = {isa = PBXFileReference; lastKnownFileType = sourcecode.swift; path = Habits.swift; sourceTree = "<group>"; };
		A1F182F62B5010B9001CAC04 /* Slow.app */ = {isa = PBXFileReference; explicitFileType = wrapper.application; includeInIndex = 0; path = Slow.app; sourceTree = BUILT_PRODUCTS_DIR; };
		A1F182F92B5010BA001CAC04 /* SlowApp.swift */ = {isa = PBXFileReference; lastKnownFileType = sourcecode.swift; path = SlowApp.swift; sourceTree = "<group>"; };
		A1F182FB2B5010BA001CAC04 /* ContentView.swift */ = {isa = PBXFileReference; lastKnownFileType = sourcecode.swift; path = ContentView.swift; sourceTree = "<group>"; };
		A1F182FD2B5010BB001CAC04 /* Assets.xcassets */ = {isa = PBXFileReference; lastKnownFileType = folder.assetcatalog; path = Assets.xcassets; sourceTree = "<group>"; };
		A1F182FF2B5010BB001CAC04 /* Slow.entitlements */ = {isa = PBXFileReference; lastKnownFileType = text.plist.entitlements; path = Slow.entitlements; sourceTree = "<group>"; };
		A1F183012B5010BB001CAC04 /* Preview Assets.xcassets */ = {isa = PBXFileReference; lastKnownFileType = folder.assetcatalog; path = "Preview Assets.xcassets"; sourceTree = "<group>"; };
		A1F1830A2B501122001CAC04 /* LoginView.swift */ = {isa = PBXFileReference; lastKnownFileType = sourcecode.swift; path = LoginView.swift; sourceTree = "<group>"; };
		A1F1830D2B501136001CAC04 /* User.swift */ = {isa = PBXFileReference; lastKnownFileType = sourcecode.swift; path = User.swift; sourceTree = "<group>"; };
/* End PBXFileReference section */

/* Begin PBXFrameworksBuildPhase section */
		A1F182F32B5010B9001CAC04 /* Frameworks */ = {
			isa = PBXFrameworksBuildPhase;
			buildActionMask = 2147483647;
			files = (
				A1A2BB282B501B7300AAFECA /* FirebaseDatabaseSwift in Frameworks */,
				A1A2BB082B50199400AAFECA /* FirebaseMessaging in Frameworks */,
				A1A2BAD22B50184900AAFECA /* FirebaseMessaging in Frameworks */,
				A1A2BB022B50199400AAFECA /* FirebaseInAppMessagingSwift-Beta in Frameworks */,
				A1A2BAE02B50199400AAFECA /* FirebaseAnalyticsOnDeviceConversion in Frameworks */,
				A1A2BB2C2B501B7300AAFECA /* FirebaseFirestore in Frameworks */,
				A1A2BAC22B50184900AAFECA /* FirebaseFirestoreCombine-Community in Frameworks */,
				A1A2BB222B501B7300AAFECA /* FirebaseAuthCombine-Community in Frameworks */,
				A1A2BB2A2B501B7300AAFECA /* FirebaseDynamicLinks in Frameworks */,
				A1A2BABA2B50184900AAFECA /* FirebaseDatabase in Frameworks */,
				A1A2BB182B501B7300AAFECA /* FirebaseAnalyticsSwift in Frameworks */,
				A1A2BB302B501B7300AAFECA /* FirebaseFirestoreSwift in Frameworks */,
				A1A2BB202B501B7300AAFECA /* FirebaseAuth in Frameworks */,
				A1A2BAE62B50199400AAFECA /* FirebaseAppCheck in Frameworks */,
				A1A2BAE22B50199400AAFECA /* FirebaseAnalyticsSwift in Frameworks */,
				A1A2BAA02B5015C100AAFECA /* FirebaseAnalyticsSwift in Frameworks */,
				A1A2BADA2B50184900AAFECA /* FirebaseStorage in Frameworks */,
				A1A2BB242B501B7300AAFECA /* FirebaseCrashlytics in Frameworks */,
				A1A2BAE42B50199400AAFECA /* FirebaseAnalyticsWithoutAdIdSupport in Frameworks */,
				A1A2BB102B50199400AAFECA /* FirebaseStorage in Frameworks */,
				A1A2BB122B50199400AAFECA /* FirebaseStorageCombine-Community in Frameworks */,
				A1A2BA9C2B5015C100AAFECA /* FirebaseAnalytics in Frameworks */,
				A1A2BAEA2B50199400AAFECA /* FirebaseAuth in Frameworks */,
				A1A2BB2E2B501B7300AAFECA /* FirebaseFirestoreCombine-Community in Frameworks */,
				A1A2BAA82B50184900AAFECA /* FirebaseAnalytics in Frameworks */,
				A1A2BAF02B50199400AAFECA /* FirebaseDatabase in Frameworks */,
				A1A2BAB82B50184900AAFECA /* FirebaseCrashlytics in Frameworks */,
				A1A2BB042B50199400AAFECA /* FirebaseInstallations in Frameworks */,
				A1A2BAC02B50184900AAFECA /* FirebaseFirestore in Frameworks */,
				A1A2BABE2B50184900AAFECA /* FirebaseDynamicLinks in Frameworks */,
				A1A2BADC2B50184900AAFECA /* FirebaseStorageCombine-Community in Frameworks */,
				A1A2BAF22B50199400AAFECA /* FirebaseDatabaseSwift in Frameworks */,
				A1A2BB0E2B50199400AAFECA /* FirebaseRemoteConfigSwift in Frameworks */,
				A1A2BB1A2B501B7300AAFECA /* FirebaseAnalyticsWithoutAdIdSupport in Frameworks */,
				A1A2BAAA2B50184900AAFECA /* FirebaseAnalyticsOnDeviceConversion in Frameworks */,
				A1A2BB0A2B50199400AAFECA /* FirebasePerformance in Frameworks */,
				A1A2BAC82B50184900AAFECA /* FirebaseFunctionsCombine-Community in Frameworks */,
				A1A2BACC2B50184900AAFECA /* FirebaseInAppMessagingSwift-Beta in Frameworks */,
				A1A2BAD02B50184900AAFECA /* FirebaseMLModelDownloader in Frameworks */,
				A1A2BACA2B50184900AAFECA /* FirebaseInAppMessaging-Beta in Frameworks */,
				A1A2BAF62B50199400AAFECA /* FirebaseFirestore in Frameworks */,
				A1A2BB262B501B7300AAFECA /* FirebaseDatabase in Frameworks */,
				A1A2BAF42B50199400AAFECA /* FirebaseDynamicLinks in Frameworks */,
				A1A2BAFA2B50199400AAFECA /* FirebaseFirestoreSwift in Frameworks */,
				A1A2BAD42B50184900AAFECA /* FirebasePerformance in Frameworks */,
				A1A2BB0C2B50199400AAFECA /* FirebaseRemoteConfig in Frameworks */,
				A1A2BAFC2B50199400AAFECA /* FirebaseFunctions in Frameworks */,
				A1A2BAFE2B50199400AAFECA /* FirebaseFunctionsCombine-Community in Frameworks */,
				A1A2BB002B50199400AAFECA /* FirebaseInAppMessaging-Beta in Frameworks */,
				A1A2BB142B501B7300AAFECA /* FirebaseAnalytics in Frameworks */,
				A1A2BADE2B50199400AAFECA /* FirebaseAnalytics in Frameworks */,
				A1A2BB1E2B501B7300AAFECA /* FirebaseAppDistribution-Beta in Frameworks */,
				A1A2BAB62B50184900AAFECA /* FirebaseAuthCombine-Community in Frameworks */,
				A1A2BAAC2B50184900AAFECA /* FirebaseAnalyticsSwift in Frameworks */,
				A1A2BABC2B50184900AAFECA /* FirebaseDatabaseSwift in Frameworks */,
				A1A2BA9E2B5015C100AAFECA /* FirebaseAnalyticsOnDeviceConversion in Frameworks */,
				A1A2BAD62B50184900AAFECA /* FirebaseRemoteConfig in Frameworks */,
				A1A2BAA42B5015C100AAFECA /* FirebaseAppCheck in Frameworks */,
				A1A2BB1C2B501B7300AAFECA /* FirebaseAppCheck in Frameworks */,
				A1A2BAB42B50184900AAFECA /* FirebaseAuth in Frameworks */,
				A1A2BAC62B50184900AAFECA /* FirebaseFunctions in Frameworks */,
				A1A2BAEE2B50199400AAFECA /* FirebaseCrashlytics in Frameworks */,
				A1A2BACE2B50184900AAFECA /* FirebaseInstallations in Frameworks */,
				A1A2BAF82B50199400AAFECA /* FirebaseFirestoreCombine-Community in Frameworks */,
				A1A2BAE82B50199400AAFECA /* FirebaseAppDistribution-Beta in Frameworks */,
				A1A2BAC42B50184900AAFECA /* FirebaseFirestoreSwift in Frameworks */,
				A1A2BB062B50199400AAFECA /* FirebaseMLModelDownloader in Frameworks */,
				A1A2BAAE2B50184900AAFECA /* FirebaseAnalyticsWithoutAdIdSupport in Frameworks */,
				A1A2BB162B501B7300AAFECA /* FirebaseAnalyticsOnDeviceConversion in Frameworks */,
				A1A2BAB02B50184900AAFECA /* FirebaseAppCheck in Frameworks */,
				A1A2BAD82B50184900AAFECA /* FirebaseRemoteConfigSwift in Frameworks */,
				A1A2BAB22B50184900AAFECA /* FirebaseAppDistribution-Beta in Frameworks */,
				A1A2BAA22B5015C100AAFECA /* FirebaseAnalyticsWithoutAdIdSupport in Frameworks */,
				A1A2BAEC2B50199400AAFECA /* FirebaseAuthCombine-Community in Frameworks */,
			);
			runOnlyForDeploymentPostprocessing = 0;
		};
/* End PBXFrameworksBuildPhase section */

/* Begin PBXGroup section */
		A1A2BA972B5014FE00AAFECA /* ViewModel */ = {
			isa = PBXGroup;
			children = (
				A1A2BA982B50151700AAFECA /* AuthViewModel.swift */,
				A1A2BB4C2B5543EB00AAFECA /* AddHabitsViewModel.swift */,
			);
			path = ViewModel;
			sourceTree = "<group>";
		};
		A1A2BB312B50294500AAFECA /* SharedComponents */ = {
			isa = PBXGroup;
			children = (
				A1A2BB322B50295800AAFECA /* InputView.swift */,
				A1A2BB372B502FAB00AAFECA /* AuthBackground.swift */,
				A1A2BB392B53097800AAFECA /* CustomTabBar.swift */,
			);
			path = SharedComponents;
			sourceTree = "<group>";
		};
		A1A2BB342B5029AB00AAFECA /* RegistrationView */ = {
			isa = PBXGroup;
			children = (
				A1A2BB352B5029C900AAFECA /* RegistrationView.swift */,
			);
			path = RegistrationView;
			sourceTree = "<group>";
		};
		A1A2BB3B2B53098B00AAFECA /* CoreApp */ = {
			isa = PBXGroup;
			children = (
				A1F182FB2B5010BA001CAC04 /* ContentView.swift */,
				A1F182F92B5010BA001CAC04 /* SlowApp.swift */,
			);
			path = CoreApp;
			sourceTree = "<group>";
		};
		A1A2BB3C2B53FDE800AAFECA /* Habits */ = {
			isa = PBXGroup;
			children = (
				A1A2BB3D2B53FE0400AAFECA /* HabitsView.swift */,
			);
			path = Habits;
			sourceTree = "<group>";
		};
		A1A2BB3F2B53FE2100AAFECA /* Acount */ = {
			isa = PBXGroup;
			children = (
				A1A2BB402B53FE3D00AAFECA /* AcountView.swift */,
			);
			path = Acount;
			sourceTree = "<group>";
		};
		A1A2BB422B54007000AAFECA /* Stats */ = {
			isa = PBXGroup;
			children = (
				A1A2BB442B54009000AAFECA /* StatsView.swift */,
			);
			path = Stats;
			sourceTree = "<group>";
		};
		A1A2BB462B5400A200AAFECA /* Inspiration */ = {
			isa = PBXGroup;
			children = (
				A1A2BB472B5400B700AAFECA /* InspirationView.swift */,
			);
			path = Inspiration;
			sourceTree = "<group>";
		};
		A1A2BB492B54033C00AAFECA /* AddHabits */ = {
			isa = PBXGroup;
			children = (
				A1A2BB4A2B54034D00AAFECA /* AddHabitsView.swift */,
			);
			path = AddHabits;
			sourceTree = "<group>";
		};
		A1F182ED2B5010B9001CAC04 = {
			isa = PBXGroup;
			children = (
				A1F182F82B5010B9001CAC04 /* Slow */,
				A1F182F72B5010B9001CAC04 /* Products */,
			);
			sourceTree = "<group>";
		};
		A1F182F72B5010B9001CAC04 /* Products */ = {
			isa = PBXGroup;
			children = (
				A1F182F62B5010B9001CAC04 /* Slow.app */,
			);
			name = Products;
			sourceTree = "<group>";
		};
		A1F182F82B5010B9001CAC04 /* Slow */ = {
			isa = PBXGroup;
			children = (
				A1A2BB3B2B53098B00AAFECA /* CoreApp */,
				A1A2BB312B50294500AAFECA /* SharedComponents */,
				A1A2BA972B5014FE00AAFECA /* ViewModel */,
				A1F1830C2B501128001CAC04 /* Model */,
				A1F183082B501106001CAC04 /* Components */,
				A1F182FD2B5010BB001CAC04 /* Assets.xcassets */,
				A1A2BAA52B50161D00AAFECA /* GoogleService-Info.plist */,
				A1F182FF2B5010BB001CAC04 /* Slow.entitlements */,
				A1F183002B5010BB001CAC04 /* Preview Content */,
			);
			path = Slow;
			sourceTree = "<group>";
		};
		A1F183002B5010BB001CAC04 /* Preview Content */ = {
			isa = PBXGroup;
			children = (
				A1F183012B5010BB001CAC04 /* Preview Assets.xcassets */,
			);
			path = "Preview Content";
			sourceTree = "<group>";
		};
		A1F183082B501106001CAC04 /* Components */ = {
			isa = PBXGroup;
			children = (
				A1A2BB492B54033C00AAFECA /* AddHabits */,
				A1A2BB462B5400A200AAFECA /* Inspiration */,
				A1A2BB422B54007000AAFECA /* Stats */,
				A1A2BB3F2B53FE2100AAFECA /* Acount */,
				A1A2BB3C2B53FDE800AAFECA /* Habits */,
				A1A2BB342B5029AB00AAFECA /* RegistrationView */,
				A1F183092B50110F001CAC04 /* Login */,
			);
			path = Components;
			sourceTree = "<group>";
		};
		A1F183092B50110F001CAC04 /* Login */ = {
			isa = PBXGroup;
			children = (
				A1F1830A2B501122001CAC04 /* LoginView.swift */,
			);
			path = Login;
			sourceTree = "<group>";
		};
		A1F1830C2B501128001CAC04 /* Model */ = {
			isa = PBXGroup;
			children = (
				A1F1830D2B501136001CAC04 /* User.swift */,
				A1A2BB4E2B55441400AAFECA /* Habits.swift */,
			);
			path = Model;
			sourceTree = "<group>";
		};
/* End PBXGroup section */

/* Begin PBXNativeTarget section */
		A1F182F52B5010B9001CAC04 /* Slow */ = {
			isa = PBXNativeTarget;
			buildConfigurationList = A1F183052B5010BB001CAC04 /* Build configuration list for PBXNativeTarget "Slow" */;
			buildPhases = (
				A1F182F22B5010B9001CAC04 /* Sources */,
				A1F182F32B5010B9001CAC04 /* Frameworks */,
				A1F182F42B5010B9001CAC04 /* Resources */,
			);
			buildRules = (
			);
			dependencies = (
			);
			name = Slow;
			packageProductDependencies = (
				A1A2BA9B2B5015C100AAFECA /* FirebaseAnalytics */,
				A1A2BA9D2B5015C100AAFECA /* FirebaseAnalyticsOnDeviceConversion */,
				A1A2BA9F2B5015C100AAFECA /* FirebaseAnalyticsSwift */,
				A1A2BAA12B5015C100AAFECA /* FirebaseAnalyticsWithoutAdIdSupport */,
				A1A2BAA32B5015C100AAFECA /* FirebaseAppCheck */,
				A1A2BAA72B50184900AAFECA /* FirebaseAnalytics */,
				A1A2BAA92B50184900AAFECA /* FirebaseAnalyticsOnDeviceConversion */,
				A1A2BAAB2B50184900AAFECA /* FirebaseAnalyticsSwift */,
				A1A2BAAD2B50184900AAFECA /* FirebaseAnalyticsWithoutAdIdSupport */,
				A1A2BAAF2B50184900AAFECA /* FirebaseAppCheck */,
				A1A2BAB12B50184900AAFECA /* FirebaseAppDistribution-Beta */,
				A1A2BAB32B50184900AAFECA /* FirebaseAuth */,
				A1A2BAB52B50184900AAFECA /* FirebaseAuthCombine-Community */,
				A1A2BAB72B50184900AAFECA /* FirebaseCrashlytics */,
				A1A2BAB92B50184900AAFECA /* FirebaseDatabase */,
				A1A2BABB2B50184900AAFECA /* FirebaseDatabaseSwift */,
				A1A2BABD2B50184900AAFECA /* FirebaseDynamicLinks */,
				A1A2BABF2B50184900AAFECA /* FirebaseFirestore */,
				A1A2BAC12B50184900AAFECA /* FirebaseFirestoreCombine-Community */,
				A1A2BAC32B50184900AAFECA /* FirebaseFirestoreSwift */,
				A1A2BAC52B50184900AAFECA /* FirebaseFunctions */,
				A1A2BAC72B50184900AAFECA /* FirebaseFunctionsCombine-Community */,
				A1A2BAC92B50184900AAFECA /* FirebaseInAppMessaging-Beta */,
				A1A2BACB2B50184900AAFECA /* FirebaseInAppMessagingSwift-Beta */,
				A1A2BACD2B50184900AAFECA /* FirebaseInstallations */,
				A1A2BACF2B50184900AAFECA /* FirebaseMLModelDownloader */,
				A1A2BAD12B50184900AAFECA /* FirebaseMessaging */,
				A1A2BAD32B50184900AAFECA /* FirebasePerformance */,
				A1A2BAD52B50184900AAFECA /* FirebaseRemoteConfig */,
				A1A2BAD72B50184900AAFECA /* FirebaseRemoteConfigSwift */,
				A1A2BAD92B50184900AAFECA /* FirebaseStorage */,
				A1A2BADB2B50184900AAFECA /* FirebaseStorageCombine-Community */,
				A1A2BADD2B50199400AAFECA /* FirebaseAnalytics */,
				A1A2BADF2B50199400AAFECA /* FirebaseAnalyticsOnDeviceConversion */,
				A1A2BAE12B50199400AAFECA /* FirebaseAnalyticsSwift */,
				A1A2BAE32B50199400AAFECA /* FirebaseAnalyticsWithoutAdIdSupport */,
				A1A2BAE52B50199400AAFECA /* FirebaseAppCheck */,
				A1A2BAE72B50199400AAFECA /* FirebaseAppDistribution-Beta */,
				A1A2BAE92B50199400AAFECA /* FirebaseAuth */,
				A1A2BAEB2B50199400AAFECA /* FirebaseAuthCombine-Community */,
				A1A2BAED2B50199400AAFECA /* FirebaseCrashlytics */,
				A1A2BAEF2B50199400AAFECA /* FirebaseDatabase */,
				A1A2BAF12B50199400AAFECA /* FirebaseDatabaseSwift */,
				A1A2BAF32B50199400AAFECA /* FirebaseDynamicLinks */,
				A1A2BAF52B50199400AAFECA /* FirebaseFirestore */,
				A1A2BAF72B50199400AAFECA /* FirebaseFirestoreCombine-Community */,
				A1A2BAF92B50199400AAFECA /* FirebaseFirestoreSwift */,
				A1A2BAFB2B50199400AAFECA /* FirebaseFunctions */,
				A1A2BAFD2B50199400AAFECA /* FirebaseFunctionsCombine-Community */,
				A1A2BAFF2B50199400AAFECA /* FirebaseInAppMessaging-Beta */,
				A1A2BB012B50199400AAFECA /* FirebaseInAppMessagingSwift-Beta */,
				A1A2BB032B50199400AAFECA /* FirebaseInstallations */,
				A1A2BB052B50199400AAFECA /* FirebaseMLModelDownloader */,
				A1A2BB072B50199400AAFECA /* FirebaseMessaging */,
				A1A2BB092B50199400AAFECA /* FirebasePerformance */,
				A1A2BB0B2B50199400AAFECA /* FirebaseRemoteConfig */,
				A1A2BB0D2B50199400AAFECA /* FirebaseRemoteConfigSwift */,
				A1A2BB0F2B50199400AAFECA /* FirebaseStorage */,
				A1A2BB112B50199400AAFECA /* FirebaseStorageCombine-Community */,
				A1A2BB132B501B7300AAFECA /* FirebaseAnalytics */,
				A1A2BB152B501B7300AAFECA /* FirebaseAnalyticsOnDeviceConversion */,
				A1A2BB172B501B7300AAFECA /* FirebaseAnalyticsSwift */,
				A1A2BB192B501B7300AAFECA /* FirebaseAnalyticsWithoutAdIdSupport */,
				A1A2BB1B2B501B7300AAFECA /* FirebaseAppCheck */,
				A1A2BB1D2B501B7300AAFECA /* FirebaseAppDistribution-Beta */,
				A1A2BB1F2B501B7300AAFECA /* FirebaseAuth */,
				A1A2BB212B501B7300AAFECA /* FirebaseAuthCombine-Community */,
				A1A2BB232B501B7300AAFECA /* FirebaseCrashlytics */,
				A1A2BB252B501B7300AAFECA /* FirebaseDatabase */,
				A1A2BB272B501B7300AAFECA /* FirebaseDatabaseSwift */,
				A1A2BB292B501B7300AAFECA /* FirebaseDynamicLinks */,
				A1A2BB2B2B501B7300AAFECA /* FirebaseFirestore */,
				A1A2BB2D2B501B7300AAFECA /* FirebaseFirestoreCombine-Community */,
				A1A2BB2F2B501B7300AAFECA /* FirebaseFirestoreSwift */,
			);
			productName = Slow;
			productReference = A1F182F62B5010B9001CAC04 /* Slow.app */;
			productType = "com.apple.product-type.application";
		};
/* End PBXNativeTarget section */

/* Begin PBXProject section */
		A1F182EE2B5010B9001CAC04 /* Project object */ = {
			isa = PBXProject;
			attributes = {
				BuildIndependentTargetsInParallel = 1;
				LastSwiftUpdateCheck = 1510;
				LastUpgradeCheck = 1510;
				TargetAttributes = {
					A1F182F52B5010B9001CAC04 = {
						CreatedOnToolsVersion = 15.1;
					};
				};
			};
			buildConfigurationList = A1F182F12B5010B9001CAC04 /* Build configuration list for PBXProject "Slow" */;
			compatibilityVersion = "Xcode 14.0";
			developmentRegion = en;
			hasScannedForEncodings = 0;
			knownRegions = (
				en,
				Base,
			);
			mainGroup = A1F182ED2B5010B9001CAC04;
			packageReferences = (
				A1A2BA9A2B5015C100AAFECA /* XCRemoteSwiftPackageReference "firebase-ios-sdk" */,
			);
			productRefGroup = A1F182F72B5010B9001CAC04 /* Products */;
			projectDirPath = "";
			projectRoot = "";
			targets = (
				A1F182F52B5010B9001CAC04 /* Slow */,
			);
		};
/* End PBXProject section */

/* Begin PBXResourcesBuildPhase section */
		A1F182F42B5010B9001CAC04 /* Resources */ = {
			isa = PBXResourcesBuildPhase;
			buildActionMask = 2147483647;
			files = (
				A1F183022B5010BB001CAC04 /* Preview Assets.xcassets in Resources */,
				A1F182FE2B5010BB001CAC04 /* Assets.xcassets in Resources */,
				A1A2BAA62B50161D00AAFECA /* GoogleService-Info.plist in Resources */,
			);
			runOnlyForDeploymentPostprocessing = 0;
		};
/* End PBXResourcesBuildPhase section */

/* Begin PBXSourcesBuildPhase section */
		A1F182F22B5010B9001CAC04 /* Sources */ = {
			isa = PBXSourcesBuildPhase;
			buildActionMask = 2147483647;
			files = (
				A1A2BA992B50151700AAFECA /* AuthViewModel.swift in Sources */,
				A1A2BB412B53FE3D00AAFECA /* AcountView.swift in Sources */,
				A1A2BB4F2B55441400AAFECA /* Habits.swift in Sources */,
				A1A2BB382B502FAB00AAFECA /* AuthBackground.swift in Sources */,
				A1A2BB4D2B5543EB00AAFECA /* AddHabitsViewModel.swift in Sources */,
				A1A2BB482B5400B700AAFECA /* InspirationView.swift in Sources */,
				A1F1830E2B501136001CAC04 /* User.swift in Sources */,
				A1A2BB3E2B53FE0400AAFECA /* HabitsView.swift in Sources */,
				A1F1830B2B501122001CAC04 /* LoginView.swift in Sources */,
				A1A2BB4B2B54034D00AAFECA /* AddHabitsView.swift in Sources */,
				A1A2BB3A2B53097800AAFECA /* CustomTabBar.swift in Sources */,
				A1A2BB362B5029C900AAFECA /* RegistrationView.swift in Sources */,
				A1A2BB452B54009000AAFECA /* StatsView.swift in Sources */,
				A1A2BB332B50295800AAFECA /* InputView.swift in Sources */,
				A1F182FC2B5010BA001CAC04 /* ContentView.swift in Sources */,
				A1F182FA2B5010BA001CAC04 /* SlowApp.swift in Sources */,
			);
			runOnlyForDeploymentPostprocessing = 0;
		};
/* End PBXSourcesBuildPhase section */

/* Begin XCBuildConfiguration section */
		A1F183032B5010BB001CAC04 /* Debug */ = {
			isa = XCBuildConfiguration;
			buildSettings = {
				ALWAYS_SEARCH_USER_PATHS = NO;
				ASSETCATALOG_COMPILER_GENERATE_SWIFT_ASSET_SYMBOL_EXTENSIONS = YES;
				CLANG_ANALYZER_NONNULL = YES;
				CLANG_ANALYZER_NUMBER_OBJECT_CONVERSION = YES_AGGRESSIVE;
				CLANG_CXX_LANGUAGE_STANDARD = "gnu++20";
				CLANG_ENABLE_MODULES = YES;
				CLANG_ENABLE_OBJC_ARC = YES;
				CLANG_ENABLE_OBJC_WEAK = YES;
				CLANG_WARN_BLOCK_CAPTURE_AUTORELEASING = YES;
				CLANG_WARN_BOOL_CONVERSION = YES;
				CLANG_WARN_COMMA = YES;
				CLANG_WARN_CONSTANT_CONVERSION = YES;
				CLANG_WARN_DEPRECATED_OBJC_IMPLEMENTATIONS = YES;
				CLANG_WARN_DIRECT_OBJC_ISA_USAGE = YES_ERROR;
				CLANG_WARN_DOCUMENTATION_COMMENTS = YES;
				CLANG_WARN_EMPTY_BODY = YES;
				CLANG_WARN_ENUM_CONVERSION = YES;
				CLANG_WARN_INFINITE_RECURSION = YES;
				CLANG_WARN_INT_CONVERSION = YES;
				CLANG_WARN_NON_LITERAL_NULL_CONVERSION = YES;
				CLANG_WARN_OBJC_IMPLICIT_RETAIN_SELF = YES;
				CLANG_WARN_OBJC_LITERAL_CONVERSION = YES;
				CLANG_WARN_OBJC_ROOT_CLASS = YES_ERROR;
				CLANG_WARN_QUOTED_INCLUDE_IN_FRAMEWORK_HEADER = YES;
				CLANG_WARN_RANGE_LOOP_ANALYSIS = YES;
				CLANG_WARN_STRICT_PROTOTYPES = YES;
				CLANG_WARN_SUSPICIOUS_MOVE = YES;
				CLANG_WARN_UNGUARDED_AVAILABILITY = YES_AGGRESSIVE;
				CLANG_WARN_UNREACHABLE_CODE = YES;
				CLANG_WARN__DUPLICATE_METHOD_MATCH = YES;
				COPY_PHASE_STRIP = NO;
				DEBUG_INFORMATION_FORMAT = dwarf;
				ENABLE_STRICT_OBJC_MSGSEND = YES;
				ENABLE_TESTABILITY = YES;
				ENABLE_USER_SCRIPT_SANDBOXING = YES;
				GCC_C_LANGUAGE_STANDARD = gnu17;
				GCC_DYNAMIC_NO_PIC = NO;
				GCC_NO_COMMON_BLOCKS = YES;
				GCC_OPTIMIZATION_LEVEL = 0;
				GCC_PREPROCESSOR_DEFINITIONS = (
					"DEBUG=1",
					"$(inherited)",
				);
				GCC_WARN_64_TO_32_BIT_CONVERSION = YES;
				GCC_WARN_ABOUT_RETURN_TYPE = YES_ERROR;
				GCC_WARN_UNDECLARED_SELECTOR = YES;
				GCC_WARN_UNINITIALIZED_AUTOS = YES_AGGRESSIVE;
				GCC_WARN_UNUSED_FUNCTION = YES;
				GCC_WARN_UNUSED_VARIABLE = YES;
				LOCALIZATION_PREFERS_STRING_CATALOGS = YES;
				MTL_ENABLE_DEBUG_INFO = INCLUDE_SOURCE;
				MTL_FAST_MATH = YES;
				ONLY_ACTIVE_ARCH = YES;
				SWIFT_ACTIVE_COMPILATION_CONDITIONS = "DEBUG $(inherited)";
				SWIFT_OPTIMIZATION_LEVEL = "-Onone";
			};
			name = Debug;
		};
		A1F183042B5010BB001CAC04 /* Release */ = {
			isa = XCBuildConfiguration;
			buildSettings = {
				ALWAYS_SEARCH_USER_PATHS = NO;
				ASSETCATALOG_COMPILER_GENERATE_SWIFT_ASSET_SYMBOL_EXTENSIONS = YES;
				CLANG_ANALYZER_NONNULL = YES;
				CLANG_ANALYZER_NUMBER_OBJECT_CONVERSION = YES_AGGRESSIVE;
				CLANG_CXX_LANGUAGE_STANDARD = "gnu++20";
				CLANG_ENABLE_MODULES = YES;
				CLANG_ENABLE_OBJC_ARC = YES;
				CLANG_ENABLE_OBJC_WEAK = YES;
				CLANG_WARN_BLOCK_CAPTURE_AUTORELEASING = YES;
				CLANG_WARN_BOOL_CONVERSION = YES;
				CLANG_WARN_COMMA = YES;
				CLANG_WARN_CONSTANT_CONVERSION = YES;
				CLANG_WARN_DEPRECATED_OBJC_IMPLEMENTATIONS = YES;
				CLANG_WARN_DIRECT_OBJC_ISA_USAGE = YES_ERROR;
				CLANG_WARN_DOCUMENTATION_COMMENTS = YES;
				CLANG_WARN_EMPTY_BODY = YES;
				CLANG_WARN_ENUM_CONVERSION = YES;
				CLANG_WARN_INFINITE_RECURSION = YES;
				CLANG_WARN_INT_CONVERSION = YES;
				CLANG_WARN_NON_LITERAL_NULL_CONVERSION = YES;
				CLANG_WARN_OBJC_IMPLICIT_RETAIN_SELF = YES;
				CLANG_WARN_OBJC_LITERAL_CONVERSION = YES;
				CLANG_WARN_OBJC_ROOT_CLASS = YES_ERROR;
				CLANG_WARN_QUOTED_INCLUDE_IN_FRAMEWORK_HEADER = YES;
				CLANG_WARN_RANGE_LOOP_ANALYSIS = YES;
				CLANG_WARN_STRICT_PROTOTYPES = YES;
				CLANG_WARN_SUSPICIOUS_MOVE = YES;
				CLANG_WARN_UNGUARDED_AVAILABILITY = YES_AGGRESSIVE;
				CLANG_WARN_UNREACHABLE_CODE = YES;
				CLANG_WARN__DUPLICATE_METHOD_MATCH = YES;
				COPY_PHASE_STRIP = NO;
				DEBUG_INFORMATION_FORMAT = "dwarf-with-dsym";
				ENABLE_NS_ASSERTIONS = NO;
				ENABLE_STRICT_OBJC_MSGSEND = YES;
				ENABLE_USER_SCRIPT_SANDBOXING = YES;
				GCC_C_LANGUAGE_STANDARD = gnu17;
				GCC_NO_COMMON_BLOCKS = YES;
				GCC_WARN_64_TO_32_BIT_CONVERSION = YES;
				GCC_WARN_ABOUT_RETURN_TYPE = YES_ERROR;
				GCC_WARN_UNDECLARED_SELECTOR = YES;
				GCC_WARN_UNINITIALIZED_AUTOS = YES_AGGRESSIVE;
				GCC_WARN_UNUSED_FUNCTION = YES;
				GCC_WARN_UNUSED_VARIABLE = YES;
				LOCALIZATION_PREFERS_STRING_CATALOGS = YES;
				MTL_ENABLE_DEBUG_INFO = NO;
				MTL_FAST_MATH = YES;
				SWIFT_COMPILATION_MODE = wholemodule;
			};
			name = Release;
		};
		A1F183062B5010BB001CAC04 /* Debug */ = {
			isa = XCBuildConfiguration;
			buildSettings = {
				ASSETCATALOG_COMPILER_APPICON_NAME = AppIcon;
				ASSETCATALOG_COMPILER_GLOBAL_ACCENT_COLOR_NAME = AccentColor;
				CODE_SIGN_ENTITLEMENTS = Slow/Slow.entitlements;
				CODE_SIGN_STYLE = Automatic;
				CURRENT_PROJECT_VERSION = 1;
				DEVELOPMENT_ASSET_PATHS = "\"Slow/Preview Content\"";
				DEVELOPMENT_TEAM = 328248VVV8;
				ENABLE_HARDENED_RUNTIME = YES;
				ENABLE_PREVIEWS = YES;
				GENERATE_INFOPLIST_FILE = YES;
				"INFOPLIST_KEY_UIApplicationSceneManifest_Generation[sdk=iphoneos*]" = YES;
				"INFOPLIST_KEY_UIApplicationSceneManifest_Generation[sdk=iphonesimulator*]" = YES;
				"INFOPLIST_KEY_UIApplicationSupportsIndirectInputEvents[sdk=iphoneos*]" = YES;
				"INFOPLIST_KEY_UIApplicationSupportsIndirectInputEvents[sdk=iphonesimulator*]" = YES;
				"INFOPLIST_KEY_UILaunchScreen_Generation[sdk=iphoneos*]" = YES;
				"INFOPLIST_KEY_UILaunchScreen_Generation[sdk=iphonesimulator*]" = YES;
				"INFOPLIST_KEY_UIStatusBarStyle[sdk=iphoneos*]" = UIStatusBarStyleDefault;
				"INFOPLIST_KEY_UIStatusBarStyle[sdk=iphonesimulator*]" = UIStatusBarStyleDefault;
				INFOPLIST_KEY_UISupportedInterfaceOrientations_iPad = "UIInterfaceOrientationPortrait UIInterfaceOrientationPortraitUpsideDown UIInterfaceOrientationLandscapeLeft UIInterfaceOrientationLandscapeRight";
				INFOPLIST_KEY_UISupportedInterfaceOrientations_iPhone = "UIInterfaceOrientationPortrait UIInterfaceOrientationLandscapeLeft UIInterfaceOrientationLandscapeRight";
				IPHONEOS_DEPLOYMENT_TARGET = 17.2;
				LD_RUNPATH_SEARCH_PATHS = "@executable_path/Frameworks";
				"LD_RUNPATH_SEARCH_PATHS[sdk=macosx*]" = "@executable_path/../Frameworks";
				MACOSX_DEPLOYMENT_TARGET = 13.5;
				MARKETING_VERSION = 1.0;
				PRODUCT_BUNDLE_IDENTIFIER = com.vintmonde.Slow;
				PRODUCT_NAME = "$(TARGET_NAME)";
				SDKROOT = auto;
				SUPPORTED_PLATFORMS = "iphoneos iphonesimulator macosx";
				SWIFT_EMIT_LOC_STRINGS = YES;
				SWIFT_VERSION = 5.0;
				TARGETED_DEVICE_FAMILY = "1,2";
			};
			name = Debug;
		};
		A1F183072B5010BB001CAC04 /* Release */ = {
			isa = XCBuildConfiguration;
			buildSettings = {
				ASSETCATALOG_COMPILER_APPICON_NAME = AppIcon;
				ASSETCATALOG_COMPILER_GLOBAL_ACCENT_COLOR_NAME = AccentColor;
				CODE_SIGN_ENTITLEMENTS = Slow/Slow.entitlements;
				CODE_SIGN_STYLE = Automatic;
				CURRENT_PROJECT_VERSION = 1;
				DEVELOPMENT_ASSET_PATHS = "\"Slow/Preview Content\"";
				DEVELOPMENT_TEAM = 328248VVV8;
				ENABLE_HARDENED_RUNTIME = YES;
				ENABLE_PREVIEWS = YES;
				GENERATE_INFOPLIST_FILE = YES;
				"INFOPLIST_KEY_UIApplicationSceneManifest_Generation[sdk=iphoneos*]" = YES;
				"INFOPLIST_KEY_UIApplicationSceneManifest_Generation[sdk=iphonesimulator*]" = YES;
				"INFOPLIST_KEY_UIApplicationSupportsIndirectInputEvents[sdk=iphoneos*]" = YES;
				"INFOPLIST_KEY_UIApplicationSupportsIndirectInputEvents[sdk=iphonesimulator*]" = YES;
				"INFOPLIST_KEY_UILaunchScreen_Generation[sdk=iphoneos*]" = YES;
				"INFOPLIST_KEY_UILaunchScreen_Generation[sdk=iphonesimulator*]" = YES;
				"INFOPLIST_KEY_UIStatusBarStyle[sdk=iphoneos*]" = UIStatusBarStyleDefault;
				"INFOPLIST_KEY_UIStatusBarStyle[sdk=iphonesimulator*]" = UIStatusBarStyleDefault;
				INFOPLIST_KEY_UISupportedInterfaceOrientations_iPad = "UIInterfaceOrientationPortrait UIInterfaceOrientationPortraitUpsideDown UIInterfaceOrientationLandscapeLeft UIInterfaceOrientationLandscapeRight";
				INFOPLIST_KEY_UISupportedInterfaceOrientations_iPhone = "UIInterfaceOrientationPortrait UIInterfaceOrientationLandscapeLeft UIInterfaceOrientationLandscapeRight";
				IPHONEOS_DEPLOYMENT_TARGET = 17.2;
				LD_RUNPATH_SEARCH_PATHS = "@executable_path/Frameworks";
				"LD_RUNPATH_SEARCH_PATHS[sdk=macosx*]" = "@executable_path/../Frameworks";
				MACOSX_DEPLOYMENT_TARGET = 13.5;
				MARKETING_VERSION = 1.0;
				PRODUCT_BUNDLE_IDENTIFIER = com.vintmonde.Slow;
				PRODUCT_NAME = "$(TARGET_NAME)";
				SDKROOT = auto;
				SUPPORTED_PLATFORMS = "iphoneos iphonesimulator macosx";
				SWIFT_EMIT_LOC_STRINGS = YES;
				SWIFT_VERSION = 5.0;
				TARGETED_DEVICE_FAMILY = "1,2";
			};
			name = Release;
		};
/* End XCBuildConfiguration section */

/* Begin XCConfigurationList section */
		A1F182F12B5010B9001CAC04 /* Build configuration list for PBXProject "Slow" */ = {
			isa = XCConfigurationList;
			buildConfigurations = (
				A1F183032B5010BB001CAC04 /* Debug */,
				A1F183042B5010BB001CAC04 /* Release */,
			);
			defaultConfigurationIsVisible = 0;
			defaultConfigurationName = Release;
		};
		A1F183052B5010BB001CAC04 /* Build configuration list for PBXNativeTarget "Slow" */ = {
			isa = XCConfigurationList;
			buildConfigurations = (
				A1F183062B5010BB001CAC04 /* Debug */,
				A1F183072B5010BB001CAC04 /* Release */,
			);
			defaultConfigurationIsVisible = 0;
			defaultConfigurationName = Release;
		};
/* End XCConfigurationList section */

/* Begin XCRemoteSwiftPackageReference section */
		A1A2BA9A2B5015C100AAFECA /* XCRemoteSwiftPackageReference "firebase-ios-sdk" */ = {
			isa = XCRemoteSwiftPackageReference;
			repositoryURL = "https://github.com/firebase/firebase-ios-sdk";
			requirement = {
				kind = upToNextMajorVersion;
				minimumVersion = 10.19.1;
			};
		};
/* End XCRemoteSwiftPackageReference section */

/* Begin XCSwiftPackageProductDependency section */
		A1A2BA9B2B5015C100AAFECA /* FirebaseAnalytics */ = {
			isa = XCSwiftPackageProductDependency;
			package = A1A2BA9A2B5015C100AAFECA /* XCRemoteSwiftPackageReference "firebase-ios-sdk" */;
			productName = FirebaseAnalytics;
		};
		A1A2BA9D2B5015C100AAFECA /* FirebaseAnalyticsOnDeviceConversion */ = {
			isa = XCSwiftPackageProductDependency;
			package = A1A2BA9A2B5015C100AAFECA /* XCRemoteSwiftPackageReference "firebase-ios-sdk" */;
			productName = FirebaseAnalyticsOnDeviceConversion;
		};
		A1A2BA9F2B5015C100AAFECA /* FirebaseAnalyticsSwift */ = {
			isa = XCSwiftPackageProductDependency;
			package = A1A2BA9A2B5015C100AAFECA /* XCRemoteSwiftPackageReference "firebase-ios-sdk" */;
			productName = FirebaseAnalyticsSwift;
		};
		A1A2BAA12B5015C100AAFECA /* FirebaseAnalyticsWithoutAdIdSupport */ = {
			isa = XCSwiftPackageProductDependency;
			package = A1A2BA9A2B5015C100AAFECA /* XCRemoteSwiftPackageReference "firebase-ios-sdk" */;
			productName = FirebaseAnalyticsWithoutAdIdSupport;
		};
		A1A2BAA32B5015C100AAFECA /* FirebaseAppCheck */ = {
			isa = XCSwiftPackageProductDependency;
			package = A1A2BA9A2B5015C100AAFECA /* XCRemoteSwiftPackageReference "firebase-ios-sdk" */;
			productName = FirebaseAppCheck;
		};
		A1A2BAA72B50184900AAFECA /* FirebaseAnalytics */ = {
			isa = XCSwiftPackageProductDependency;
			package = A1A2BA9A2B5015C100AAFECA /* XCRemoteSwiftPackageReference "firebase-ios-sdk" */;
			productName = FirebaseAnalytics;
		};
		A1A2BAA92B50184900AAFECA /* FirebaseAnalyticsOnDeviceConversion */ = {
			isa = XCSwiftPackageProductDependency;
			package = A1A2BA9A2B5015C100AAFECA /* XCRemoteSwiftPackageReference "firebase-ios-sdk" */;
			productName = FirebaseAnalyticsOnDeviceConversion;
		};
		A1A2BAAB2B50184900AAFECA /* FirebaseAnalyticsSwift */ = {
			isa = XCSwiftPackageProductDependency;
			package = A1A2BA9A2B5015C100AAFECA /* XCRemoteSwiftPackageReference "firebase-ios-sdk" */;
			productName = FirebaseAnalyticsSwift;
		};
		A1A2BAAD2B50184900AAFECA /* FirebaseAnalyticsWithoutAdIdSupport */ = {
			isa = XCSwiftPackageProductDependency;
			package = A1A2BA9A2B5015C100AAFECA /* XCRemoteSwiftPackageReference "firebase-ios-sdk" */;
			productName = FirebaseAnalyticsWithoutAdIdSupport;
		};
		A1A2BAAF2B50184900AAFECA /* FirebaseAppCheck */ = {
			isa = XCSwiftPackageProductDependency;
			package = A1A2BA9A2B5015C100AAFECA /* XCRemoteSwiftPackageReference "firebase-ios-sdk" */;
			productName = FirebaseAppCheck;
		};
		A1A2BAB12B50184900AAFECA /* FirebaseAppDistribution-Beta */ = {
			isa = XCSwiftPackageProductDependency;
			package = A1A2BA9A2B5015C100AAFECA /* XCRemoteSwiftPackageReference "firebase-ios-sdk" */;
			productName = "FirebaseAppDistribution-Beta";
		};
		A1A2BAB32B50184900AAFECA /* FirebaseAuth */ = {
			isa = XCSwiftPackageProductDependency;
			package = A1A2BA9A2B5015C100AAFECA /* XCRemoteSwiftPackageReference "firebase-ios-sdk" */;
			productName = FirebaseAuth;
		};
		A1A2BAB52B50184900AAFECA /* FirebaseAuthCombine-Community */ = {
			isa = XCSwiftPackageProductDependency;
			package = A1A2BA9A2B5015C100AAFECA /* XCRemoteSwiftPackageReference "firebase-ios-sdk" */;
			productName = "FirebaseAuthCombine-Community";
		};
		A1A2BAB72B50184900AAFECA /* FirebaseCrashlytics */ = {
			isa = XCSwiftPackageProductDependency;
			package = A1A2BA9A2B5015C100AAFECA /* XCRemoteSwiftPackageReference "firebase-ios-sdk" */;
			productName = FirebaseCrashlytics;
		};
		A1A2BAB92B50184900AAFECA /* FirebaseDatabase */ = {
			isa = XCSwiftPackageProductDependency;
			package = A1A2BA9A2B5015C100AAFECA /* XCRemoteSwiftPackageReference "firebase-ios-sdk" */;
			productName = FirebaseDatabase;
		};
		A1A2BABB2B50184900AAFECA /* FirebaseDatabaseSwift */ = {
			isa = XCSwiftPackageProductDependency;
			package = A1A2BA9A2B5015C100AAFECA /* XCRemoteSwiftPackageReference "firebase-ios-sdk" */;
			productName = FirebaseDatabaseSwift;
		};
		A1A2BABD2B50184900AAFECA /* FirebaseDynamicLinks */ = {
			isa = XCSwiftPackageProductDependency;
			package = A1A2BA9A2B5015C100AAFECA /* XCRemoteSwiftPackageReference "firebase-ios-sdk" */;
			productName = FirebaseDynamicLinks;
		};
		A1A2BABF2B50184900AAFECA /* FirebaseFirestore */ = {
			isa = XCSwiftPackageProductDependency;
			package = A1A2BA9A2B5015C100AAFECA /* XCRemoteSwiftPackageReference "firebase-ios-sdk" */;
			productName = FirebaseFirestore;
		};
		A1A2BAC12B50184900AAFECA /* FirebaseFirestoreCombine-Community */ = {
			isa = XCSwiftPackageProductDependency;
			package = A1A2BA9A2B5015C100AAFECA /* XCRemoteSwiftPackageReference "firebase-ios-sdk" */;
			productName = "FirebaseFirestoreCombine-Community";
		};
		A1A2BAC32B50184900AAFECA /* FirebaseFirestoreSwift */ = {
			isa = XCSwiftPackageProductDependency;
			package = A1A2BA9A2B5015C100AAFECA /* XCRemoteSwiftPackageReference "firebase-ios-sdk" */;
			productName = FirebaseFirestoreSwift;
		};
		A1A2BAC52B50184900AAFECA /* FirebaseFunctions */ = {
			isa = XCSwiftPackageProductDependency;
			package = A1A2BA9A2B5015C100AAFECA /* XCRemoteSwiftPackageReference "firebase-ios-sdk" */;
			productName = FirebaseFunctions;
		};
		A1A2BAC72B50184900AAFECA /* FirebaseFunctionsCombine-Community */ = {
			isa = XCSwiftPackageProductDependency;
			package = A1A2BA9A2B5015C100AAFECA /* XCRemoteSwiftPackageReference "firebase-ios-sdk" */;
			productName = "FirebaseFunctionsCombine-Community";
		};
		A1A2BAC92B50184900AAFECA /* FirebaseInAppMessaging-Beta */ = {
			isa = XCSwiftPackageProductDependency;
			package = A1A2BA9A2B5015C100AAFECA /* XCRemoteSwiftPackageReference "firebase-ios-sdk" */;
			productName = "FirebaseInAppMessaging-Beta";
		};
		A1A2BACB2B50184900AAFECA /* FirebaseInAppMessagingSwift-Beta */ = {
			isa = XCSwiftPackageProductDependency;
			package = A1A2BA9A2B5015C100AAFECA /* XCRemoteSwiftPackageReference "firebase-ios-sdk" */;
			productName = "FirebaseInAppMessagingSwift-Beta";
		};
		A1A2BACD2B50184900AAFECA /* FirebaseInstallations */ = {
			isa = XCSwiftPackageProductDependency;
			package = A1A2BA9A2B5015C100AAFECA /* XCRemoteSwiftPackageReference "firebase-ios-sdk" */;
			productName = FirebaseInstallations;
		};
		A1A2BACF2B50184900AAFECA /* FirebaseMLModelDownloader */ = {
			isa = XCSwiftPackageProductDependency;
			package = A1A2BA9A2B5015C100AAFECA /* XCRemoteSwiftPackageReference "firebase-ios-sdk" */;
			productName = FirebaseMLModelDownloader;
		};
		A1A2BAD12B50184900AAFECA /* FirebaseMessaging */ = {
			isa = XCSwiftPackageProductDependency;
			package = A1A2BA9A2B5015C100AAFECA /* XCRemoteSwiftPackageReference "firebase-ios-sdk" */;
			productName = FirebaseMessaging;
		};
		A1A2BAD32B50184900AAFECA /* FirebasePerformance */ = {
			isa = XCSwiftPackageProductDependency;
			package = A1A2BA9A2B5015C100AAFECA /* XCRemoteSwiftPackageReference "firebase-ios-sdk" */;
			productName = FirebasePerformance;
		};
		A1A2BAD52B50184900AAFECA /* FirebaseRemoteConfig */ = {
			isa = XCSwiftPackageProductDependency;
			package = A1A2BA9A2B5015C100AAFECA /* XCRemoteSwiftPackageReference "firebase-ios-sdk" */;
			productName = FirebaseRemoteConfig;
		};
		A1A2BAD72B50184900AAFECA /* FirebaseRemoteConfigSwift */ = {
			isa = XCSwiftPackageProductDependency;
			package = A1A2BA9A2B5015C100AAFECA /* XCRemoteSwiftPackageReference "firebase-ios-sdk" */;
			productName = FirebaseRemoteConfigSwift;
		};
		A1A2BAD92B50184900AAFECA /* FirebaseStorage */ = {
			isa = XCSwiftPackageProductDependency;
			package = A1A2BA9A2B5015C100AAFECA /* XCRemoteSwiftPackageReference "firebase-ios-sdk" */;
			productName = FirebaseStorage;
		};
		A1A2BADB2B50184900AAFECA /* FirebaseStorageCombine-Community */ = {
			isa = XCSwiftPackageProductDependency;
			package = A1A2BA9A2B5015C100AAFECA /* XCRemoteSwiftPackageReference "firebase-ios-sdk" */;
			productName = "FirebaseStorageCombine-Community";
		};
		A1A2BADD2B50199400AAFECA /* FirebaseAnalytics */ = {
			isa = XCSwiftPackageProductDependency;
			package = A1A2BA9A2B5015C100AAFECA /* XCRemoteSwiftPackageReference "firebase-ios-sdk" */;
			productName = FirebaseAnalytics;
		};
		A1A2BADF2B50199400AAFECA /* FirebaseAnalyticsOnDeviceConversion */ = {
			isa = XCSwiftPackageProductDependency;
			package = A1A2BA9A2B5015C100AAFECA /* XCRemoteSwiftPackageReference "firebase-ios-sdk" */;
			productName = FirebaseAnalyticsOnDeviceConversion;
		};
		A1A2BAE12B50199400AAFECA /* FirebaseAnalyticsSwift */ = {
			isa = XCSwiftPackageProductDependency;
			package = A1A2BA9A2B5015C100AAFECA /* XCRemoteSwiftPackageReference "firebase-ios-sdk" */;
			productName = FirebaseAnalyticsSwift;
		};
		A1A2BAE32B50199400AAFECA /* FirebaseAnalyticsWithoutAdIdSupport */ = {
			isa = XCSwiftPackageProductDependency;
			package = A1A2BA9A2B5015C100AAFECA /* XCRemoteSwiftPackageReference "firebase-ios-sdk" */;
			productName = FirebaseAnalyticsWithoutAdIdSupport;
		};
		A1A2BAE52B50199400AAFECA /* FirebaseAppCheck */ = {
			isa = XCSwiftPackageProductDependency;
			package = A1A2BA9A2B5015C100AAFECA /* XCRemoteSwiftPackageReference "firebase-ios-sdk" */;
			productName = FirebaseAppCheck;
		};
		A1A2BAE72B50199400AAFECA /* FirebaseAppDistribution-Beta */ = {
			isa = XCSwiftPackageProductDependency;
			package = A1A2BA9A2B5015C100AAFECA /* XCRemoteSwiftPackageReference "firebase-ios-sdk" */;
			productName = "FirebaseAppDistribution-Beta";
		};
		A1A2BAE92B50199400AAFECA /* FirebaseAuth */ = {
			isa = XCSwiftPackageProductDependency;
			package = A1A2BA9A2B5015C100AAFECA /* XCRemoteSwiftPackageReference "firebase-ios-sdk" */;
			productName = FirebaseAuth;
		};
		A1A2BAEB2B50199400AAFECA /* FirebaseAuthCombine-Community */ = {
			isa = XCSwiftPackageProductDependency;
			package = A1A2BA9A2B5015C100AAFECA /* XCRemoteSwiftPackageReference "firebase-ios-sdk" */;
			productName = "FirebaseAuthCombine-Community";
		};
		A1A2BAED2B50199400AAFECA /* FirebaseCrashlytics */ = {
			isa = XCSwiftPackageProductDependency;
			package = A1A2BA9A2B5015C100AAFECA /* XCRemoteSwiftPackageReference "firebase-ios-sdk" */;
			productName = FirebaseCrashlytics;
		};
		A1A2BAEF2B50199400AAFECA /* FirebaseDatabase */ = {
			isa = XCSwiftPackageProductDependency;
			package = A1A2BA9A2B5015C100AAFECA /* XCRemoteSwiftPackageReference "firebase-ios-sdk" */;
			productName = FirebaseDatabase;
		};
		A1A2BAF12B50199400AAFECA /* FirebaseDatabaseSwift */ = {
			isa = XCSwiftPackageProductDependency;
			package = A1A2BA9A2B5015C100AAFECA /* XCRemoteSwiftPackageReference "firebase-ios-sdk" */;
			productName = FirebaseDatabaseSwift;
		};
		A1A2BAF32B50199400AAFECA /* FirebaseDynamicLinks */ = {
			isa = XCSwiftPackageProductDependency;
			package = A1A2BA9A2B5015C100AAFECA /* XCRemoteSwiftPackageReference "firebase-ios-sdk" */;
			productName = FirebaseDynamicLinks;
		};
		A1A2BAF52B50199400AAFECA /* FirebaseFirestore */ = {
			isa = XCSwiftPackageProductDependency;
			package = A1A2BA9A2B5015C100AAFECA /* XCRemoteSwiftPackageReference "firebase-ios-sdk" */;
			productName = FirebaseFirestore;
		};
		A1A2BAF72B50199400AAFECA /* FirebaseFirestoreCombine-Community */ = {
			isa = XCSwiftPackageProductDependency;
			package = A1A2BA9A2B5015C100AAFECA /* XCRemoteSwiftPackageReference "firebase-ios-sdk" */;
			productName = "FirebaseFirestoreCombine-Community";
		};
		A1A2BAF92B50199400AAFECA /* FirebaseFirestoreSwift */ = {
			isa = XCSwiftPackageProductDependency;
			package = A1A2BA9A2B5015C100AAFECA /* XCRemoteSwiftPackageReference "firebase-ios-sdk" */;
			productName = FirebaseFirestoreSwift;
		};
		A1A2BAFB2B50199400AAFECA /* FirebaseFunctions */ = {
			isa = XCSwiftPackageProductDependency;
			package = A1A2BA9A2B5015C100AAFECA /* XCRemoteSwiftPackageReference "firebase-ios-sdk" */;
			productName = FirebaseFunctions;
		};
		A1A2BAFD2B50199400AAFECA /* FirebaseFunctionsCombine-Community */ = {
			isa = XCSwiftPackageProductDependency;
			package = A1A2BA9A2B5015C100AAFECA /* XCRemoteSwiftPackageReference "firebase-ios-sdk" */;
			productName = "FirebaseFunctionsCombine-Community";
		};
		A1A2BAFF2B50199400AAFECA /* FirebaseInAppMessaging-Beta */ = {
			isa = XCSwiftPackageProductDependency;
			package = A1A2BA9A2B5015C100AAFECA /* XCRemoteSwiftPackageReference "firebase-ios-sdk" */;
			productName = "FirebaseInAppMessaging-Beta";
		};
		A1A2BB012B50199400AAFECA /* FirebaseInAppMessagingSwift-Beta */ = {
			isa = XCSwiftPackageProductDependency;
			package = A1A2BA9A2B5015C100AAFECA /* XCRemoteSwiftPackageReference "firebase-ios-sdk" */;
			productName = "FirebaseInAppMessagingSwift-Beta";
		};
		A1A2BB032B50199400AAFECA /* FirebaseInstallations */ = {
			isa = XCSwiftPackageProductDependency;
			package = A1A2BA9A2B5015C100AAFECA /* XCRemoteSwiftPackageReference "firebase-ios-sdk" */;
			productName = FirebaseInstallations;
		};
		A1A2BB052B50199400AAFECA /* FirebaseMLModelDownloader */ = {
			isa = XCSwiftPackageProductDependency;
			package = A1A2BA9A2B5015C100AAFECA /* XCRemoteSwiftPackageReference "firebase-ios-sdk" */;
			productName = FirebaseMLModelDownloader;
		};
		A1A2BB072B50199400AAFECA /* FirebaseMessaging */ = {
			isa = XCSwiftPackageProductDependency;
			package = A1A2BA9A2B5015C100AAFECA /* XCRemoteSwiftPackageReference "firebase-ios-sdk" */;
			productName = FirebaseMessaging;
		};
		A1A2BB092B50199400AAFECA /* FirebasePerformance */ = {
			isa = XCSwiftPackageProductDependency;
			package = A1A2BA9A2B5015C100AAFECA /* XCRemoteSwiftPackageReference "firebase-ios-sdk" */;
			productName = FirebasePerformance;
		};
		A1A2BB0B2B50199400AAFECA /* FirebaseRemoteConfig */ = {
			isa = XCSwiftPackageProductDependency;
			package = A1A2BA9A2B5015C100AAFECA /* XCRemoteSwiftPackageReference "firebase-ios-sdk" */;
			productName = FirebaseRemoteConfig;
		};
		A1A2BB0D2B50199400AAFECA /* FirebaseRemoteConfigSwift */ = {
			isa = XCSwiftPackageProductDependency;
			package = A1A2BA9A2B5015C100AAFECA /* XCRemoteSwiftPackageReference "firebase-ios-sdk" */;
			productName = FirebaseRemoteConfigSwift;
		};
		A1A2BB0F2B50199400AAFECA /* FirebaseStorage */ = {
			isa = XCSwiftPackageProductDependency;
			package = A1A2BA9A2B5015C100AAFECA /* XCRemoteSwiftPackageReference "firebase-ios-sdk" */;
			productName = FirebaseStorage;
		};
		A1A2BB112B50199400AAFECA /* FirebaseStorageCombine-Community */ = {
			isa = XCSwiftPackageProductDependency;
			package = A1A2BA9A2B5015C100AAFECA /* XCRemoteSwiftPackageReference "firebase-ios-sdk" */;
			productName = "FirebaseStorageCombine-Community";
		};
		A1A2BB132B501B7300AAFECA /* FirebaseAnalytics */ = {
			isa = XCSwiftPackageProductDependency;
			package = A1A2BA9A2B5015C100AAFECA /* XCRemoteSwiftPackageReference "firebase-ios-sdk" */;
			productName = FirebaseAnalytics;
		};
		A1A2BB152B501B7300AAFECA /* FirebaseAnalyticsOnDeviceConversion */ = {
			isa = XCSwiftPackageProductDependency;
			package = A1A2BA9A2B5015C100AAFECA /* XCRemoteSwiftPackageReference "firebase-ios-sdk" */;
			productName = FirebaseAnalyticsOnDeviceConversion;
		};
		A1A2BB172B501B7300AAFECA /* FirebaseAnalyticsSwift */ = {
			isa = XCSwiftPackageProductDependency;
			package = A1A2BA9A2B5015C100AAFECA /* XCRemoteSwiftPackageReference "firebase-ios-sdk" */;
			productName = FirebaseAnalyticsSwift;
		};
		A1A2BB192B501B7300AAFECA /* FirebaseAnalyticsWithoutAdIdSupport */ = {
			isa = XCSwiftPackageProductDependency;
			package = A1A2BA9A2B5015C100AAFECA /* XCRemoteSwiftPackageReference "firebase-ios-sdk" */;
			productName = FirebaseAnalyticsWithoutAdIdSupport;
		};
		A1A2BB1B2B501B7300AAFECA /* FirebaseAppCheck */ = {
			isa = XCSwiftPackageProductDependency;
			package = A1A2BA9A2B5015C100AAFECA /* XCRemoteSwiftPackageReference "firebase-ios-sdk" */;
			productName = FirebaseAppCheck;
		};
		A1A2BB1D2B501B7300AAFECA /* FirebaseAppDistribution-Beta */ = {
			isa = XCSwiftPackageProductDependency;
			package = A1A2BA9A2B5015C100AAFECA /* XCRemoteSwiftPackageReference "firebase-ios-sdk" */;
			productName = "FirebaseAppDistribution-Beta";
		};
		A1A2BB1F2B501B7300AAFECA /* FirebaseAuth */ = {
			isa = XCSwiftPackageProductDependency;
			package = A1A2BA9A2B5015C100AAFECA /* XCRemoteSwiftPackageReference "firebase-ios-sdk" */;
			productName = FirebaseAuth;
		};
		A1A2BB212B501B7300AAFECA /* FirebaseAuthCombine-Community */ = {
			isa = XCSwiftPackageProductDependency;
			package = A1A2BA9A2B5015C100AAFECA /* XCRemoteSwiftPackageReference "firebase-ios-sdk" */;
			productName = "FirebaseAuthCombine-Community";
		};
		A1A2BB232B501B7300AAFECA /* FirebaseCrashlytics */ = {
			isa = XCSwiftPackageProductDependency;
			package = A1A2BA9A2B5015C100AAFECA /* XCRemoteSwiftPackageReference "firebase-ios-sdk" */;
			productName = FirebaseCrashlytics;
		};
		A1A2BB252B501B7300AAFECA /* FirebaseDatabase */ = {
			isa = XCSwiftPackageProductDependency;
			package = A1A2BA9A2B5015C100AAFECA /* XCRemoteSwiftPackageReference "firebase-ios-sdk" */;
			productName = FirebaseDatabase;
		};
		A1A2BB272B501B7300AAFECA /* FirebaseDatabaseSwift */ = {
			isa = XCSwiftPackageProductDependency;
			package = A1A2BA9A2B5015C100AAFECA /* XCRemoteSwiftPackageReference "firebase-ios-sdk" */;
			productName = FirebaseDatabaseSwift;
		};
		A1A2BB292B501B7300AAFECA /* FirebaseDynamicLinks */ = {
			isa = XCSwiftPackageProductDependency;
			package = A1A2BA9A2B5015C100AAFECA /* XCRemoteSwiftPackageReference "firebase-ios-sdk" */;
			productName = FirebaseDynamicLinks;
		};
		A1A2BB2B2B501B7300AAFECA /* FirebaseFirestore */ = {
			isa = XCSwiftPackageProductDependency;
			package = A1A2BA9A2B5015C100AAFECA /* XCRemoteSwiftPackageReference "firebase-ios-sdk" */;
			productName = FirebaseFirestore;
		};
		A1A2BB2D2B501B7300AAFECA /* FirebaseFirestoreCombine-Community */ = {
			isa = XCSwiftPackageProductDependency;
			package = A1A2BA9A2B5015C100AAFECA /* XCRemoteSwiftPackageReference "firebase-ios-sdk" */;
			productName = "FirebaseFirestoreCombine-Community";
		};
		A1A2BB2F2B501B7300AAFECA /* FirebaseFirestoreSwift */ = {
			isa = XCSwiftPackageProductDependency;
			package = A1A2BA9A2B5015C100AAFECA /* XCRemoteSwiftPackageReference "firebase-ios-sdk" */;
			productName = FirebaseFirestoreSwift;
		};
/* End XCSwiftPackageProductDependency section */
	};
	rootObject = A1F182EE2B5010B9001CAC04 /* Project object */;
}
